PODS:
  - Flutter (1.0.0)
  - "permission_handler (5.1.0+2)":
    - Flutter
  - screenshot_callback (0.0.1):
    - Flutter

DEPENDENCIES:
  - Flutter (from `Flutter`)
  - permission_handler (from `.symlinks/plugins/permission_handler/ios`)
  - screenshot_callback (from `.symlinks/plugins/screenshot_callback/ios`)

EXTERNAL SOURCES:
  Flutter:
    :path: Flutter
  permission_handler:
    :path: ".symlinks/plugins/permission_handler/ios"
  screenshot_callback:
    :path: ".symlinks/plugins/screenshot_callback/ios"

SPEC CHECKSUMS:
  Flutter: 50d75fe2f02b26cc09d224853bb45737f8b3214a
  permission_handler: ccb20a9fad0ee9b1314a52b70b76b473c5f8dab0
  screenshot_callback: b173e7f4bd8d2ef14a9a5e5a77c0ac6a47578608

PODFILE CHECKSUM: 94dade829a8fa8ce8da493133f8cecf44291fba9

COCOAPODS: 1.11.2
